
Microsoft Visual Studio Solution File, Format Version 12.00
# Visual Studio Version 17
VisualStudioVersion = 17.0.32112.339
MinimumVisualStudioVersion = 10.0.40219.1
Project("{FAE04EC0-301F-11D3-BF4B-00C04F79EFBC}") = "Test_7", "Test_7\Test_7.csproj", "{BFA1B73D-A939-4EEC-879E-198FF36CED40}"
EndProject
Global
	GlobalSection(SolutionConfigurationPlatforms) = preSolution
		Debug|Any CPU = Debug|Any CPU
		Release|Any CPU = Release|Any CPU
	EndGlobalSection
	GlobalSection(ProjectConfigurationPlatforms) = postSolution
		{BFA1B73D-A939-4EEC-879E-198FF36CED40}.Debug|Any CPU.ActiveCfg = Debug|Any CPU
		{BFA1B73D-A939-4EEC-879E-198FF36CED40}.Debug|Any CPU.Build.0 = Debug|Any CPU
		{BFA1B73D-A939-4EEC-879E-198FF36CED40}.Release|Any CPU.ActiveCfg = Release|Any CPU
		{BFA1B73D-A939-4EEC-879E-198FF36CED40}.Release|Any CPU.Build.0 = Release|Any CPU
	EndGlobalSection
	GlobalSection(SolutionProperties) = preSolution
		HideSolutionNode = FALSE
	EndGlobalSection
	GlobalSection(ExtensibilityGlobals) = postSolution
		SolutionGuid = {96714529-3A28-4704-811E-25B5BA8D8473}
	EndGlobalSection
EndGlobal
